
Microsoft Visual Studio Solution File, Format Version 12.00
# Visual Studio Version 17
VisualStudioVersion = 17.2.32505.173
MinimumVisualStudioVersion = 10.0.40219.1
Project("{9A19103F-16F7-4668-BE54-9A1E7A4F7556}") = "PaidSearchAnalysis", "PaidSearchAnalysis\PaidSearchAnalysis.csproj", "{88D4B860-912F-483E-A82D-A8B1CABEB296}"
EndProject
Global
	GlobalSection(SolutionConfigurationPlatforms) = preSolution
		Debug|Any CPU = Debug|Any CPU
		Release|Any CPU = Release|Any CPU
	EndGlobalSection
	GlobalSection(ProjectConfigurationPlatforms) = postSolution
		{88D4B860-912F-483E-A82D-A8B1CABEB296}.Debug|Any CPU.ActiveCfg = Debug|Any CPU
		{88D4B860-912F-483E-A82D-A8B1CABEB296}.Debug|Any CPU.Build.0 = Debug|Any CPU
		{88D4B860-912F-483E-A82D-A8B1CABEB296}.Release|Any CPU.ActiveCfg = Release|Any CPU
		{88D4B860-912F-483E-A82D-A8B1CABEB296}.Release|Any CPU.Build.0 = Release|Any CPU
	EndGlobalSection
	GlobalSection(SolutionProperties) = preSolution
		HideSolutionNode = FALSE
	EndGlobalSection
	GlobalSection(ExtensibilityGlobals) = postSolution
		SolutionGuid = {D27DFE1E-0A49-4119-A95E-2F844C9BC167}
	EndGlobalSection
EndGlobal
